{
  "version": 4,
  "terraform_version": "1.2.6",
  "serial": 27,
  "lineage": "ffd77436-f4ad-5fd3-fd0c-468affb7b3e1",
  "outputs": {
    "gateway_ip": {
      "value": "10.2.0.1",
      "type": "string"
    }
  },
  "resources": [
    {
      "mode": "managed",
      "type": "google_compute_attached_disk",
      "name": "default",
      "provider": "provider[\"registry.terraform.io/hashicorp/google\"]",
      "instances": []
    },
    {
      "mode": "managed",
      "type": "google_compute_disk",
      "name": "default",
      "provider": "provider[\"registry.terraform.io/hashicorp/google\"]",
      "instances": [
        {
          "schema_version": 0,
          "attributes": {
            "creation_timestamp": "2022-08-01T03:20:08.991-07:00",
            "description": "",
            "disk_encryption_key": [],
            "id": "projects/buoyant-truck-356209/zones/us-central1-a/disks/testdisk",
            "image": "",
            "label_fingerprint": "42WmSpB8rSM=",
            "labels": null,
            "last_attach_timestamp": "",
            "last_detach_timestamp": "",
            "name": "testdisk",
            "physical_block_size_bytes": 4096,
            "project": "buoyant-truck-356209",
            "provisioned_iops": 0,
            "self_link": "https://www.googleapis.com/compute/v1/projects/buoyant-truck-356209/zones/us-central1-a/disks/testdisk",
            "size": 1,
            "snapshot": "",
            "source_image_encryption_key": [],
            "source_image_id": "",
            "source_snapshot_encryption_key": [],
            "source_snapshot_id": "",
            "timeouts": null,
            "type": "pd-standard",
            "users": [],
            "zone": "us-central1-a"
          },
          "sensitive_attributes": [],
          "private": "eyJlMmJmYjczMC1lY2FhLTExZTYtOGY4OC0zNDM2M2JjN2M0YzAiOnsiY3JlYXRlIjoxMjAwMDAwMDAwMDAwLCJkZWxldGUiOjEyMDAwMDAwMDAwMDAsInVwZGF0ZSI6MTIwMDAwMDAwMDAwMH19"
        }
      ]
    },
    {
      "module": "module.google_vpc",
      "mode": "managed",
      "type": "google_compute_address",
      "name": "internal_with_subnet_and_address",
      "provider": "provider[\"registry.terraform.io/hashicorp/google\"]",
      "instances": [
        {
          "schema_version": 0,
          "attributes": {
            "address": "10.2.1.1",
            "address_type": "INTERNAL",
            "creation_timestamp": "2022-08-01T03:20:05.903-07:00",
            "description": "",
            "id": "projects/buoyant-truck-356209/regions/us-central1/addresses/my-internal-address",
            "name": "my-internal-address",
            "network": "",
            "network_tier": "PREMIUM",
            "prefix_length": 0,
            "project": "buoyant-truck-356209",
            "purpose": "GCE_ENDPOINT",
            "region": "us-central1",
            "self_link": "https://www.googleapis.com/compute/v1/projects/buoyant-truck-356209/regions/us-central1/addresses/my-internal-address",
            "subnetwork": "https://www.googleapis.com/compute/v1/projects/buoyant-truck-356209/regions/us-central1/subnetworks/myvpcsubnet",
            "timeouts": null,
            "users": []
          },
          "sensitive_attributes": [],
          "private": "eyJlMmJmYjczMC1lY2FhLTExZTYtOGY4OC0zNDM2M2JjN2M0YzAiOnsiY3JlYXRlIjoxMjAwMDAwMDAwMDAwLCJkZWxldGUiOjEyMDAwMDAwMDAwMDB9fQ==",
          "dependencies": [
            "module.google_vpc.google_compute_subnetwork.my_subnet"
          ]
        }
      ]
    },
    {
      "module": "module.google_vpc",
      "mode": "managed",
      "type": "google_compute_firewall",
      "name": "default",
      "provider": "provider[\"registry.terraform.io/hashicorp/google\"]",
      "instances": [
        {
          "schema_version": 1,
          "attributes": {
            "allow": [
              {
                "ports": [
                  "22"
                ],
                "protocol": "tcp"
              }
            ],
            "creation_timestamp": "2022-08-01T03:15:03.624-07:00",
            "deny": [],
            "description": "",
            "destination_ranges": [],
            "direction": "INGRESS",
            "disabled": false,
            "enable_logging": null,
            "id": "projects/buoyant-truck-356209/global/firewalls/test-firewall",
            "log_config": [],
            "name": "test-firewall",
            "network": "https://www.googleapis.com/compute/v1/projects/buoyant-truck-356209/global/networks/myvpc",
            "priority": 1000,
            "project": "buoyant-truck-356209",
            "self_link": "https://www.googleapis.com/compute/v1/projects/buoyant-truck-356209/global/firewalls/test-firewall",
            "source_ranges": [
              "0.0.0.0/0"
            ],
            "source_service_accounts": [],
            "source_tags": [],
            "target_service_accounts": [],
            "target_tags": [],
            "timeouts": null
          },
          "sensitive_attributes": [],
          "private": "eyJlMmJmYjczMC1lY2FhLTExZTYtOGY4OC0zNDM2M2JjN2M0YzAiOnsiY3JlYXRlIjoxMjAwMDAwMDAwMDAwLCJkZWxldGUiOjEyMDAwMDAwMDAwMDAsInVwZGF0ZSI6MTIwMDAwMDAwMDAwMH0sInNjaGVtYV92ZXJzaW9uIjoiMSJ9",
          "dependencies": [
            "module.google_vpc.google_compute_network.myvpc"
          ]
        }
      ]
    },
    {
      "module": "module.google_vpc",
      "mode": "managed",
      "type": "google_compute_network",
      "name": "myvpc",
      "provider": "provider[\"registry.terraform.io/hashicorp/google\"]",
      "instances": [
        {
          "schema_version": 0,
          "attributes": {
            "auto_create_subnetworks": false,
            "delete_default_routes_on_create": false,
            "description": "",
            "gateway_ipv4": "",
            "id": "projects/buoyant-truck-356209/global/networks/myvpc",
            "mtu": 1460,
            "name": "myvpc",
            "project": "buoyant-truck-356209",
            "routing_mode": "REGIONAL",
            "self_link": "https://www.googleapis.com/compute/v1/projects/buoyant-truck-356209/global/networks/myvpc",
            "timeouts": null
          },
          "sensitive_attributes": [],
          "private": "eyJlMmJmYjczMC1lY2FhLTExZTYtOGY4OC0zNDM2M2JjN2M0YzAiOnsiY3JlYXRlIjoxMjAwMDAwMDAwMDAwLCJkZWxldGUiOjEyMDAwMDAwMDAwMDAsInVwZGF0ZSI6MTIwMDAwMDAwMDAwMH19"
        }
      ]
    },
    {
      "module": "module.google_vpc",
      "mode": "managed",
      "type": "google_compute_router",
      "name": "my_router",
      "provider": "provider[\"registry.terraform.io/hashicorp/google\"]",
      "instances": [
        {
          "schema_version": 0,
          "attributes": {
            "bgp": [],
            "creation_timestamp": "2022-08-01T03:15:04.339-07:00",
            "description": "",
            "encrypted_interconnect_router": false,
            "id": "projects/buoyant-truck-356209/regions/us-central1/routers/test-router",
            "name": "test-router",
            "network": "https://www.googleapis.com/compute/v1/projects/buoyant-truck-356209/global/networks/myvpc",
            "project": "buoyant-truck-356209",
            "region": "us-central1",
            "self_link": "https://www.googleapis.com/compute/v1/projects/buoyant-truck-356209/regions/us-central1/routers/test-router",
            "timeouts": null
          },
          "sensitive_attributes": [],
          "private": "eyJlMmJmYjczMC1lY2FhLTExZTYtOGY4OC0zNDM2M2JjN2M0YzAiOnsiY3JlYXRlIjoxMjAwMDAwMDAwMDAwLCJkZWxldGUiOjEyMDAwMDAwMDAwMDAsInVwZGF0ZSI6MTIwMDAwMDAwMDAwMH19",
          "dependencies": [
            "module.google_vpc.google_compute_network.myvpc"
          ]
        }
      ]
    },
    {
      "module": "module.google_vpc",
      "mode": "managed",
      "type": "google_compute_router_nat",
      "name": "nat",
      "provider": "provider[\"registry.terraform.io/hashicorp/google\"]",
      "instances": [
        {
          "schema_version": 0,
          "attributes": {
            "drain_nat_ips": [],
            "enable_endpoint_independent_mapping": true,
            "icmp_idle_timeout_sec": 30,
            "id": "buoyant-truck-356209/us-central1/test-router/test-router-nat",
            "log_config": [
              {
                "enable": true,
                "filter": "ALL"
              }
            ],
            "min_ports_per_vm": 0,
            "name": "test-router-nat",
            "nat_ip_allocate_option": "AUTO_ONLY",
            "nat_ips": [],
            "project": "buoyant-truck-356209",
            "region": "us-central1",
            "router": "test-router",
            "source_subnetwork_ip_ranges_to_nat": "ALL_SUBNETWORKS_ALL_IP_RANGES",
            "subnetwork": [],
            "tcp_established_idle_timeout_sec": 1200,
            "tcp_transitory_idle_timeout_sec": 30,
            "timeouts": null,
            "udp_idle_timeout_sec": 30
          },
          "sensitive_attributes": [],
          "private": "eyJlMmJmYjczMC1lY2FhLTExZTYtOGY4OC0zNDM2M2JjN2M0YzAiOnsiY3JlYXRlIjoxMjAwMDAwMDAwMDAwLCJkZWxldGUiOjEyMDAwMDAwMDAwMDAsInVwZGF0ZSI6MTIwMDAwMDAwMDAwMH19",
          "dependencies": [
            "module.google_vpc.google_compute_network.myvpc",
            "module.google_vpc.google_compute_router.my_router"
          ]
        }
      ]
    },
    {
      "module": "module.google_vpc",
      "mode": "managed",
      "type": "google_compute_subnetwork",
      "name": "my_subnet",
      "provider": "provider[\"registry.terraform.io/hashicorp/google\"]",
      "instances": [
        {
          "schema_version": 0,
          "attributes": {
            "creation_timestamp": "2022-08-01T03:15:04.385-07:00",
            "description": "",
            "external_ipv6_prefix": "",
            "fingerprint": null,
            "gateway_address": "10.2.0.1",
            "id": "projects/buoyant-truck-356209/regions/us-central1/subnetworks/myvpcsubnet",
            "ip_cidr_range": "10.2.0.0/16",
            "ipv6_access_type": "",
            "ipv6_cidr_range": "",
            "log_config": [],
            "name": "myvpcsubnet",
            "network": "https://www.googleapis.com/compute/v1/projects/buoyant-truck-356209/global/networks/myvpc",
            "private_ip_google_access": false,
            "private_ipv6_google_access": "DISABLE_GOOGLE_ACCESS",
            "project": "buoyant-truck-356209",
            "purpose": "PRIVATE",
            "region": "us-central1",
            "role": "",
            "secondary_ip_range": [],
            "self_link": "https://www.googleapis.com/compute/v1/projects/buoyant-truck-356209/regions/us-central1/subnetworks/myvpcsubnet",
            "stack_type": "IPV4_ONLY",
            "timeouts": null
          },
          "sensitive_attributes": [],
          "private": "eyJlMmJmYjczMC1lY2FhLTExZTYtOGY4OC0zNDM2M2JjN2M0YzAiOnsiY3JlYXRlIjoxMjAwMDAwMDAwMDAwLCJkZWxldGUiOjEyMDAwMDAwMDAwMDAsInVwZGF0ZSI6MTIwMDAwMDAwMDAwMH19",
          "dependencies": [
            "module.google_vpc.google_compute_network.myvpc"
          ]
        }
      ]
    }
  ]
}
